# This file is automatically @generated by Cargo.
# It is not intended for manual editing.
version = 3

[[package]]
name = "axfs"
version = "0.1.0"
dependencies = [
 "axvfs",
]

[[package]]
name = "axnet"
version = "0.1.0"

[[package]]
name = "axruntime"
version = "0.1.0"
dependencies = [
 "axfs",
 "axnet",
]

[[package]]
name = "axvfs"
version = "0.1.0"
